
Microsoft Visual Studio Solution File, Format Version 12.00
# Visual Studio 15
VisualStudioVersion = 15.0.28307.168
MinimumVisualStudioVersion = 10.0.40219.1
Project("{FAE04EC0-301F-11D3-BF4B-00C04F79EFBC}") = "Bilgi_yarismasi", "Bilgi_yarismasi\Bilgi_yarismasi.csproj", "{A8E5EF05-55E7-4AE8-859E-FB098586C31C}"
EndProject
Global
	GlobalSection(SolutionConfigurationPlatforms) = preSolution
		Debug|Any CPU = Debug|Any CPU
		Release|Any CPU = Release|Any CPU
	EndGlobalSection
	GlobalSection(ProjectConfigurationPlatforms) = postSolution
		{A8E5EF05-55E7-4AE8-859E-FB098586C31C}.Debug|Any CPU.ActiveCfg = Debug|Any CPU
		{A8E5EF05-55E7-4AE8-859E-FB098586C31C}.Debug|Any CPU.Build.0 = Debug|Any CPU
		{A8E5EF05-55E7-4AE8-859E-FB098586C31C}.Release|Any CPU.ActiveCfg = Release|Any CPU
		{A8E5EF05-55E7-4AE8-859E-FB098586C31C}.Release|Any CPU.Build.0 = Release|Any CPU
	EndGlobalSection
	GlobalSection(SolutionProperties) = preSolution
		HideSolutionNode = FALSE
	EndGlobalSection
	GlobalSection(ExtensibilityGlobals) = postSolution
		SolutionGuid = {8EE4AF11-B730-4026-A13D-8D94845017AE}
	EndGlobalSection
EndGlobal
